Microsoft Visual Studio Solution File, Format Version 12.00
# Visual Studio Version 17
VisualStudioVersion = 17.5.2.0
MinimumVisualStudioVersion = 10.0.40219.1
Project("{2150E333-8FDC-42A3-9474-1A3956D46DE8}") = "Frontend_MAUI", "Frontend_MAUI", "{E28C0596-043A-FE4B-9A8A-67A364B04C2B}"
EndProject
Project("{2150E333-8FDC-42A3-9474-1A3956D46DE8}") = "Yedekler", "Yedekler", "{F8CF9B1A-A746-5372-E487-6065B94C237B}"
EndProject
Project("{2150E333-8FDC-42A3-9474-1A3956D46DE8}") = "OtoServisApp", "OtoServisApp", "{04294FA7-3A39-A379-32B1-C3855DE663E3}"
EndProject
Project("{2150E333-8FDC-42A3-9474-1A3956D46DE8}") = "OtoServisApp (1)", "OtoServisApp (1)", "{59173BB2-1E0D-06D8-D27F-892F400DE3EE}"
EndProject
Project("{FAE04EC0-301F-11D3-BF4B-00C04F79EFBC}") = "OtoServisApp - Backup", "Frontend_MAUI\OtoServisApp\OtoServisApp\OtoServisApp - Backup.csproj", "{70BEE740-A598-CFDD-3F92-92492DDDA75D}"
EndProject
Project("{FAE04EC0-301F-11D3-BF4B-00C04F79EFBC}") = "OtoServisApp", "Frontend_MAUI\OtoServisApp\OtoServisApp\OtoServisApp.csproj", "{DB3A2C64-603D-81EA-CB89-FA733556EC24}"
EndProject
Project("{2150E333-8FDC-42A3-9474-1A3956D46DE8}") = "Frontend_MAUI - Kopya", "Frontend_MAUI - Kopya", "{5B244187-C0C1-965A-5B09-C761F8731E07}"
EndProject
Project("{2150E333-8FDC-42A3-9474-1A3956D46DE8}") = "OtoServisApp", "OtoServisApp", "{C83611C5-2ADB-A37E-C847-5B9AAA3FD94A}"
EndProject
Project("{FAE04EC0-301F-11D3-BF4B-00C04F79EFBC}") = "OtoServisApp", "Yedekler\Frontend_MAUI - Kopya\OtoServisApp\OtoServisApp\OtoServisApp.csproj", "{6A02B7D4-1D02-2EC6-A5AE-C621910ED7A4}"
EndProject
Project("{2150E333-8FDC-42A3-9474-1A3956D46DE8}") = "Frontend_MAUI - Kopya (2) Ikon Oncesi", "Frontend_MAUI - Kopya (2) Ikon Oncesi", "{E8B2EEB9-2B9F-2E98-12F5-6CDD9FD7CC66}"
EndProject
Project("{2150E333-8FDC-42A3-9474-1A3956D46DE8}") = "OtoServisApp", "OtoServisApp", "{CA571080-02A2-1DAF-ED14-B1AB4D51941C}"
EndProject
Project("{FAE04EC0-301F-11D3-BF4B-00C04F79EFBC}") = "OtoServisApp", "Yedekler\Frontend_MAUI - Kopya (2) Ikon Oncesi\OtoServisApp\OtoServisApp\OtoServisApp.csproj", "{280CB9FD-CD89-B76E-6F57-429D1DBFE92B}"
EndProject
Global
	GlobalSection(SolutionConfigurationPlatforms) = preSolution
		Debug|Any CPU = Debug|Any CPU
		Release|Any CPU = Release|Any CPU
	EndGlobalSection
	GlobalSection(ProjectConfigurationPlatforms) = postSolution
		{70BEE740-A598-CFDD-3F92-92492DDDA75D}.Debug|Any CPU.ActiveCfg = Debug|Any CPU
		{70BEE740-A598-CFDD-3F92-92492DDDA75D}.Debug|Any CPU.Build.0 = Debug|Any CPU
		{70BEE740-A598-CFDD-3F92-92492DDDA75D}.Release|Any CPU.ActiveCfg = Release|Any CPU
		{70BEE740-A598-CFDD-3F92-92492DDDA75D}.Release|Any CPU.Build.0 = Release|Any CPU
		{DB3A2C64-603D-81EA-CB89-FA733556EC24}.Debug|Any CPU.ActiveCfg = Debug|Any CPU
		{DB3A2C64-603D-81EA-CB89-FA733556EC24}.Debug|Any CPU.Build.0 = Debug|Any CPU
		{DB3A2C64-603D-81EA-CB89-FA733556EC24}.Release|Any CPU.ActiveCfg = Release|Any CPU
		{DB3A2C64-603D-81EA-CB89-FA733556EC24}.Release|Any CPU.Build.0 = Release|Any CPU
		{6A02B7D4-1D02-2EC6-A5AE-C621910ED7A4}.Debug|Any CPU.ActiveCfg = Debug|Any CPU
		{6A02B7D4-1D02-2EC6-A5AE-C621910ED7A4}.Debug|Any CPU.Build.0 = Debug|Any CPU
		{6A02B7D4-1D02-2EC6-A5AE-C621910ED7A4}.Release|Any CPU.ActiveCfg = Release|Any CPU
		{6A02B7D4-1D02-2EC6-A5AE-C621910ED7A4}.Release|Any CPU.Build.0 = Release|Any CPU
		{280CB9FD-CD89-B76E-6F57-429D1DBFE92B}.Debug|Any CPU.ActiveCfg = Debug|Any CPU
		{280CB9FD-CD89-B76E-6F57-429D1DBFE92B}.Debug|Any CPU.Build.0 = Debug|Any CPU
		{280CB9FD-CD89-B76E-6F57-429D1DBFE92B}.Release|Any CPU.ActiveCfg = Release|Any CPU
		{280CB9FD-CD89-B76E-6F57-429D1DBFE92B}.Release|Any CPU.Build.0 = Release|Any CPU
	EndGlobalSection
	GlobalSection(SolutionProperties) = preSolution
		HideSolutionNode = FALSE
	EndGlobalSection
	GlobalSection(NestedProjects) = preSolution
		{04294FA7-3A39-A379-32B1-C3855DE663E3} = {E28C0596-043A-FE4B-9A8A-67A364B04C2B}
		{59173BB2-1E0D-06D8-D27F-892F400DE3EE} = {04294FA7-3A39-A379-32B1-C3855DE663E3}
		{70BEE740-A598-CFDD-3F92-92492DDDA75D} = {59173BB2-1E0D-06D8-D27F-892F400DE3EE}
		{DB3A2C64-603D-81EA-CB89-FA733556EC24} = {04294FA7-3A39-A379-32B1-C3855DE663E3}
		{5B244187-C0C1-965A-5B09-C761F8731E07} = {F8CF9B1A-A746-5372-E487-6065B94C237B}
		{C83611C5-2ADB-A37E-C847-5B9AAA3FD94A} = {5B244187-C0C1-965A-5B09-C761F8731E07}
		{6A02B7D4-1D02-2EC6-A5AE-C621910ED7A4} = {C83611C5-2ADB-A37E-C847-5B9AAA3FD94A}
		{E8B2EEB9-2B9F-2E98-12F5-6CDD9FD7CC66} = {F8CF9B1A-A746-5372-E487-6065B94C237B}
		{CA571080-02A2-1DAF-ED14-B1AB4D51941C} = {E8B2EEB9-2B9F-2E98-12F5-6CDD9FD7CC66}
		{280CB9FD-CD89-B76E-6F57-429D1DBFE92B} = {CA571080-02A2-1DAF-ED14-B1AB4D51941C}
	EndGlobalSection
	GlobalSection(ExtensibilityGlobals) = postSolution
		SolutionGuid = {955C90FE-2050-4246-ACB1-CEDB8CF6B4F2}
	EndGlobalSection
EndGlobal
